
Microsoft Visual Studio Solution File, Format Version 12.00
# Visual Studio Version 16
VisualStudioVersion = 16.0.29209.62
MinimumVisualStudioVersion = 10.0.40219.1
Project("{FAE04EC0-301F-11D3-BF4B-00C04F79EFBC}") = "XperCore", "Core\XperCore.csproj", "{F22CA2D0-1FED-4FE6-BF79-C8C2A836446D}"
EndProject
Global
	GlobalSection(SolutionConfigurationPlatforms) = preSolution
		Debug|Any CPU = Debug|Any CPU
		Release|Any CPU = Release|Any CPU
	EndGlobalSection
	GlobalSection(ProjectConfigurationPlatforms) = postSolution
		{F22CA2D0-1FED-4FE6-BF79-C8C2A836446D}.Debug|Any CPU.ActiveCfg = Debug|Any CPU
		{F22CA2D0-1FED-4FE6-BF79-C8C2A836446D}.Debug|Any CPU.Build.0 = Debug|Any CPU
		{F22CA2D0-1FED-4FE6-BF79-C8C2A836446D}.Release|Any CPU.ActiveCfg = Release|Any CPU
		{F22CA2D0-1FED-4FE6-BF79-C8C2A836446D}.Release|Any CPU.Build.0 = Release|Any CPU
	EndGlobalSection
	GlobalSection(SolutionProperties) = preSolution
		HideSolutionNode = FALSE
	EndGlobalSection
	GlobalSection(ExtensibilityGlobals) = postSolution
		SolutionGuid = {E071F164-0C95-4684-9C85-C351457A4DA3}
	EndGlobalSection
EndGlobal
